
Microsoft Visual Studio Solution File, Format Version 12.00
# Visual Studio Version 17
VisualStudioVersion = 17.1.32414.318
MinimumVisualStudioVersion = 10.0.40219.1
Project("{FAE04EC0-301F-11D3-BF4B-00C04F79EFBC}") = "AsyncFor", "AsyncFor\AsyncFor.csproj", "{BBF283B3-C53E-4C52-A759-CB96F888FA5E}"
EndProject
Global
	GlobalSection(SolutionConfigurationPlatforms) = preSolution
		Debug|Any CPU = Debug|Any CPU
		Release|Any CPU = Release|Any CPU
	EndGlobalSection
	GlobalSection(ProjectConfigurationPlatforms) = postSolution
		{BBF283B3-C53E-4C52-A759-CB96F888FA5E}.Debug|Any CPU.ActiveCfg = Debug|Any CPU
		{BBF283B3-C53E-4C52-A759-CB96F888FA5E}.Debug|Any CPU.Build.0 = Debug|Any CPU
		{BBF283B3-C53E-4C52-A759-CB96F888FA5E}.Release|Any CPU.ActiveCfg = Release|Any CPU
		{BBF283B3-C53E-4C52-A759-CB96F888FA5E}.Release|Any CPU.Build.0 = Release|Any CPU
	EndGlobalSection
	GlobalSection(SolutionProperties) = preSolution
		HideSolutionNode = FALSE
	EndGlobalSection
	GlobalSection(ExtensibilityGlobals) = postSolution
		SolutionGuid = {487924D9-9E74-4E75-802B-E2A761C58401}
	EndGlobalSection
EndGlobal
